
Microsoft Visual Studio Solution File, Format Version 12.00
# Visual Studio Version 17
VisualStudioVersion = 17.4.33213.308
MinimumVisualStudioVersion = 10.0.40219.1
Project("{888888A0-9F3D-457C-B088-3A5042F75D52}") = "Bubble_Sort", "Bubble_Sort\Bubble_Sort.pyproj", "{265DFC54-BC66-417B-B7AD-C089C39551C7}"
EndProject
Global
	GlobalSection(SolutionConfigurationPlatforms) = preSolution
		Debug|Any CPU = Debug|Any CPU
		Release|Any CPU = Release|Any CPU
	EndGlobalSection
	GlobalSection(ProjectConfigurationPlatforms) = postSolution
		{265DFC54-BC66-417B-B7AD-C089C39551C7}.Debug|Any CPU.ActiveCfg = Debug|Any CPU
		{265DFC54-BC66-417B-B7AD-C089C39551C7}.Release|Any CPU.ActiveCfg = Release|Any CPU
	EndGlobalSection
	GlobalSection(SolutionProperties) = preSolution
		HideSolutionNode = FALSE
	EndGlobalSection
	GlobalSection(ExtensibilityGlobals) = postSolution
		SolutionGuid = {A5170D1B-6855-4569-AAB2-0C27A40566EA}
	EndGlobalSection
EndGlobal
